{
    "name": "@loupeteam/librarybuilderproject",
    "version": "0.2.0",
    "lockfileVersion": 3,
    "requires": true,
    "packages": {
        "": {
            "name": "@loupeteam/librarybuilderproject",
            "version": "0.2.0",
            "license": "MIT",
            "dependencies": {
                "@loupeteam/faster": "^0.1.0",
                "@loupeteam/librarybuilderproject": "^0.3.0"
            }
        },
        "node_modules/@loupeteam/faster": {
            "version": "0.1.0",
            "resolved": "https://npm.pkg.github.com/download/@loupeteam/faster/0.1.0/9e66f673444dd50503029d22b2378f824a5ba3b7",
            "integrity": "sha512-d99Edx/bQ0hg6qudBMDV5RvrH+kW2Ek15vXjFE7XlJs7xefGk2DnGq1oTBpKrBobSxDiuJT4LU2r0e06XhQaQQ==",
            "license": "Loupe Software License Agreement"
        },
        "node_modules/@loupeteam/librarybuilderproject": {
            "version": "0.3.0",
            "resolved": "https://npm.pkg.github.com/download/@loupeteam/librarybuilderproject/0.3.0/9c3c1fc98350439d618573f3b465d94e3ae1e000",
            "integrity": "sha512-kUOwhpPoqQ1DikLGFBH3c8+nsb28ayX2IpQRC0UaEg34cV4GrRoI0FvkSovc3tgrGohpyvxFPRy5C6TM5wj7JA==",
            "license": "MIT"
        }
    }
}
